# This file is automatically @generated by Cargo.
# It is not intended for manual editing.
version = 4

[[package]]
name = "oar"
version = "0.0.7"

[[package]]
name = "raft-cli"
version = "0.0.24"

[[package]]
name = "raft-computer"
version = "1.0.28"

[[package]]
name = "raft-daemon-core"
version = "1.0.25"

[[package]]
name = "raft-shared"
version = "0.1.0"

[[package]]
name = "raft-trace-client"
version = "0.1.0"
